<?xml version="1.0" encoding="UTF-8" standalone="yes" ?>
<CodeBlocks_project_file>
	<FileVersion major="1" minor="6" />
	<Project>
		<Option title="robo" />
		<Option pch_mode="2" />
		<Option compiler="gcc" />
		<Build>
			<Target title="Debug">
				<Option output="bin/Debug/robo" prefix_auto="1" extension_auto="1" />
				<Option object_output="obj/Debug/" />
				<Option type="1" />
				<Option compiler="gcc" />
				<Compiler>
					<Add option="-g" />
				</Compiler>
			</Target>
			<Target title="Release">
				<Option output="bin/Release/robo" prefix_auto="1" extension_auto="1" />
				<Option object_output="obj/Release/" />
				<Option type="0" />
				<Option compiler="gcc" />
				<Compiler>
					<Add option="-O2" />
				</Compiler>
				<Linker>
					<Add option="-s" />
				</Linker>
			</Target>
		</Build>
		<Compiler>
			<Add option="-Wall" />
			<Add option="`sdl-config --cflags`" />
		</Compiler>
		<Linker>
			<Add option="`sdl-config --libs`" />
			<Add option="-lSDL_image" />
		</Linker>
		<Unit filename="background.cpp" />
		<Unit filename="background.h" />
		<Unit filename="bitmap_font.cpp" />
		<Unit filename="bitmap_font.h" />
		<Unit filename="cb.bmp" />
		<Unit filename="enums.h" />
		<Unit filename="file.cpp" />
		<Unit filename="file.h" />
		<Unit filename="init2.cpp" />
		<Unit filename="init2.h" />
		<Unit filename="input.cpp" />
		<Unit filename="input.h" />
		<Unit filename="main.cpp" />
		<Unit filename="sprite.cpp" />
		<Unit filename="sprite.h" />
		<Unit filename="title_page.cpp" />
		<Unit filename="title_page.h" />
		<Unit filename="update_player.cpp" />
		<Unit filename="update_player.h" />
		<Extensions>
			<code_completion />
			<envvars />
			<debugger />
			<lib_finder disable_auto="1" />
		</Extensions>
	</Project>
</CodeBlocks_project_file>
